
Microsoft Visual Studio Solution File, Format Version 12.00
# Visual Studio Version 17
VisualStudioVersion = 17.7.34031.279
MinimumVisualStudioVersion = 10.0.40219.1
Project("{FAE04EC0-301F-11D3-BF4B-00C04F79EFBC}") = "Casino_Hilos", "Casino_Hilos\Casino_Hilos.csproj", "{2A08951D-D53B-494B-8B41-DE39AB17DEC0}"
EndProject
Global
	GlobalSection(SolutionConfigurationPlatforms) = preSolution
		Debug|Any CPU = Debug|Any CPU
		Release|Any CPU = Release|Any CPU
	EndGlobalSection
	GlobalSection(ProjectConfigurationPlatforms) = postSolution
		{2A08951D-D53B-494B-8B41-DE39AB17DEC0}.Debug|Any CPU.ActiveCfg = Debug|Any CPU
		{2A08951D-D53B-494B-8B41-DE39AB17DEC0}.Debug|Any CPU.Build.0 = Debug|Any CPU
		{2A08951D-D53B-494B-8B41-DE39AB17DEC0}.Release|Any CPU.ActiveCfg = Release|Any CPU
		{2A08951D-D53B-494B-8B41-DE39AB17DEC0}.Release|Any CPU.Build.0 = Release|Any CPU
	EndGlobalSection
	GlobalSection(SolutionProperties) = preSolution
		HideSolutionNode = FALSE
	EndGlobalSection
	GlobalSection(ExtensibilityGlobals) = postSolution
		SolutionGuid = {586FDCA6-5F74-4814-BEEF-616E253E5ED3}
	EndGlobalSection
EndGlobal
